
Microsoft Visual Studio Solution File, Format Version 12.00
# Visual Studio Version 17
VisualStudioVersion = 17.0.31808.319
MinimumVisualStudioVersion = 10.0.40219.1
Project("{FAE04EC0-301F-11D3-BF4B-00C04F79EFBC}") = "Dappers", "Dappers.csproj", "{ECE5DDF5-C28D-415A-AAA6-CEA6E85B92F4}"
EndProject
Global
	GlobalSection(SolutionConfigurationPlatforms) = preSolution
		Debug|Any CPU = Debug|Any CPU
		Release|Any CPU = Release|Any CPU
	EndGlobalSection
	GlobalSection(ProjectConfigurationPlatforms) = postSolution
		{ECE5DDF5-C28D-415A-AAA6-CEA6E85B92F4}.Debug|Any CPU.ActiveCfg = Debug|Any CPU
		{ECE5DDF5-C28D-415A-AAA6-CEA6E85B92F4}.Debug|Any CPU.Build.0 = Debug|Any CPU
		{ECE5DDF5-C28D-415A-AAA6-CEA6E85B92F4}.Release|Any CPU.ActiveCfg = Release|Any CPU
		{ECE5DDF5-C28D-415A-AAA6-CEA6E85B92F4}.Release|Any CPU.Build.0 = Release|Any CPU
	EndGlobalSection
	GlobalSection(SolutionProperties) = preSolution
		HideSolutionNode = FALSE
	EndGlobalSection
	GlobalSection(ExtensibilityGlobals) = postSolution
		SolutionGuid = {8DDBDDD5-58A1-4857-9D6E-4C6995716357}
	EndGlobalSection
EndGlobal
